
Microsoft Visual Studio Solution File, Format Version 12.00
# Visual Studio Version 17
VisualStudioVersion = 17.5.33516.290
MinimumVisualStudioVersion = 10.0.40219.1
Project("{9A19103F-16F7-4668-BE54-9A1E7A4F7556}") = "GV.DVDCentral.BL.Models", "GV.DVDCentral.BL.Models\GV.DVDCentral.BL.Models.csproj", "{51E07BC6-7C78-4D6F-B4A3-9BF68B69B658}"
EndProject
Project("{00D1A9C2-B5F0-4AF3-8072-F6C62B433612}") = "GV.DVDCentral.DB", "GV.DVDCentral.DB\GV.DVDCentral.DB.sqlproj", "{FA5ECF17-DCFF-403D-B250-7B4580FDA9AE}"
EndProject
Project("{9A19103F-16F7-4668-BE54-9A1E7A4F7556}") = "GV.DVDCentral.PL", "GV.DVDCentral.PL\GV.DVDCentral.PL.csproj", "{2D26002C-70BC-4CB3-9F40-4E1DC18EBEF5}"
EndProject
Project("{9A19103F-16F7-4668-BE54-9A1E7A4F7556}") = "GV.DVDCentral.BL", "GV.DVDCentral.BL\GV.DVDCentral.BL.csproj", "{969EC789-0EE0-48F5-93E4-98ACA71A095D}"
EndProject
Project("{2150E333-8FDC-42A3-9474-1A3956D46DE8}") = "Solution Items", "Solution Items", "{BBED3855-0167-482C-8E06-875849C5E5C2}"
	ProjectSection(SolutionItems) = preProject
		TextFile1.txt = TextFile1.txt
	EndProjectSection
EndProject
Project("{9A19103F-16F7-4668-BE54-9A1E7A4F7556}") = "GV.DVDCentral.PL.Test", "GV.DVDCentral.PL.Test\GV.DVDCentral.PL.Test.csproj", "{D75727CE-87D0-4D1B-B56B-243BE06F2C22}"
EndProject
Project("{9A19103F-16F7-4668-BE54-9A1E7A4F7556}") = "GV.DVDCentral.BL.Test", "GV.DVDCentral.BL.Test\GV.DVDCentral.BL.Test.csproj", "{C6157653-3EE9-423C-B829-F469E636838F}"
EndProject
Project("{FAE04EC0-301F-11D3-BF4B-00C04F79EFBC}") = "GV.DVDCentral.UI", "GV.DVDCentral.UI\GV.DVDCentral.UI.csproj", "{CBE175A0-E629-4A36-AB3F-0F8A49F260B7}"
EndProject
Global
	GlobalSection(SolutionConfigurationPlatforms) = preSolution
		Debug|Any CPU = Debug|Any CPU
		Release|Any CPU = Release|Any CPU
	EndGlobalSection
	GlobalSection(ProjectConfigurationPlatforms) = postSolution
		{51E07BC6-7C78-4D6F-B4A3-9BF68B69B658}.Debug|Any CPU.ActiveCfg = Debug|Any CPU
		{51E07BC6-7C78-4D6F-B4A3-9BF68B69B658}.Debug|Any CPU.Build.0 = Debug|Any CPU
		{51E07BC6-7C78-4D6F-B4A3-9BF68B69B658}.Release|Any CPU.ActiveCfg = Release|Any CPU
		{51E07BC6-7C78-4D6F-B4A3-9BF68B69B658}.Release|Any CPU.Build.0 = Release|Any CPU
		{FA5ECF17-DCFF-403D-B250-7B4580FDA9AE}.Debug|Any CPU.ActiveCfg = Debug|Any CPU
		{FA5ECF17-DCFF-403D-B250-7B4580FDA9AE}.Debug|Any CPU.Build.0 = Debug|Any CPU
		{FA5ECF17-DCFF-403D-B250-7B4580FDA9AE}.Debug|Any CPU.Deploy.0 = Debug|Any CPU
		{FA5ECF17-DCFF-403D-B250-7B4580FDA9AE}.Release|Any CPU.ActiveCfg = Release|Any CPU
		{FA5ECF17-DCFF-403D-B250-7B4580FDA9AE}.Release|Any CPU.Build.0 = Release|Any CPU
		{FA5ECF17-DCFF-403D-B250-7B4580FDA9AE}.Release|Any CPU.Deploy.0 = Release|Any CPU
		{2D26002C-70BC-4CB3-9F40-4E1DC18EBEF5}.Debug|Any CPU.ActiveCfg = Debug|Any CPU
		{2D26002C-70BC-4CB3-9F40-4E1DC18EBEF5}.Debug|Any CPU.Build.0 = Debug|Any CPU
		{2D26002C-70BC-4CB3-9F40-4E1DC18EBEF5}.Release|Any CPU.ActiveCfg = Release|Any CPU
		{2D26002C-70BC-4CB3-9F40-4E1DC18EBEF5}.Release|Any CPU.Build.0 = Release|Any CPU
		{969EC789-0EE0-48F5-93E4-98ACA71A095D}.Debug|Any CPU.ActiveCfg = Debug|Any CPU
		{969EC789-0EE0-48F5-93E4-98ACA71A095D}.Debug|Any CPU.Build.0 = Debug|Any CPU
		{969EC789-0EE0-48F5-93E4-98ACA71A095D}.Release|Any CPU.ActiveCfg = Release|Any CPU
		{969EC789-0EE0-48F5-93E4-98ACA71A095D}.Release|Any CPU.Build.0 = Release|Any CPU
		{D75727CE-87D0-4D1B-B56B-243BE06F2C22}.Debug|Any CPU.ActiveCfg = Debug|Any CPU
		{D75727CE-87D0-4D1B-B56B-243BE06F2C22}.Debug|Any CPU.Build.0 = Debug|Any CPU
		{D75727CE-87D0-4D1B-B56B-243BE06F2C22}.Release|Any CPU.ActiveCfg = Release|Any CPU
		{D75727CE-87D0-4D1B-B56B-243BE06F2C22}.Release|Any CPU.Build.0 = Release|Any CPU
		{C6157653-3EE9-423C-B829-F469E636838F}.Debug|Any CPU.ActiveCfg = Debug|Any CPU
		{C6157653-3EE9-423C-B829-F469E636838F}.Debug|Any CPU.Build.0 = Debug|Any CPU
		{C6157653-3EE9-423C-B829-F469E636838F}.Release|Any CPU.ActiveCfg = Release|Any CPU
		{C6157653-3EE9-423C-B829-F469E636838F}.Release|Any CPU.Build.0 = Release|Any CPU
		{CBE175A0-E629-4A36-AB3F-0F8A49F260B7}.Debug|Any CPU.ActiveCfg = Debug|Any CPU
		{CBE175A0-E629-4A36-AB3F-0F8A49F260B7}.Debug|Any CPU.Build.0 = Debug|Any CPU
		{CBE175A0-E629-4A36-AB3F-0F8A49F260B7}.Release|Any CPU.ActiveCfg = Release|Any CPU
		{CBE175A0-E629-4A36-AB3F-0F8A49F260B7}.Release|Any CPU.Build.0 = Release|Any CPU
	EndGlobalSection
	GlobalSection(SolutionProperties) = preSolution
		HideSolutionNode = FALSE
	EndGlobalSection
	GlobalSection(ExtensibilityGlobals) = postSolution
		SolutionGuid = {D2E08C5B-7C41-4A4E-89AC-7A56DB2DA435}
	EndGlobalSection
EndGlobal
